
Microsoft Visual Studio Solution File, Format Version 12.00
# Visual Studio 2012
Project("{FAE04EC0-301F-11D3-BF4B-00C04F79EFBC}") = "BAnimator", "BAnimator\BAnimator.csproj", "{26293A3D-E348-4DC0-A010-279FE97661D7}"
EndProject
Project("{FAE04EC0-301F-11D3-BF4B-00C04F79EFBC}") = "BAnimator WPF", "BAnimator WPF\BAnimator WPF.csproj", "{EBB39145-DF7B-4AE8-8E6B-576335BC47E3}"
EndProject
Project("{FAE04EC0-301F-11D3-BF4B-00C04F79EFBC}") = "BAnimator WinForms", "BAnimator WinForms\BAnimator WinForms.csproj", "{207DF41F-1DD5-49AF-99E8-936ADE396340}"
EndProject
Global
	GlobalSection(SolutionConfigurationPlatforms) = preSolution
		Debug|Any CPU = Debug|Any CPU
		Release|Any CPU = Release|Any CPU
	EndGlobalSection
	GlobalSection(ProjectConfigurationPlatforms) = postSolution
		{26293A3D-E348-4DC0-A010-279FE97661D7}.Debug|Any CPU.ActiveCfg = Debug|Any CPU
		{26293A3D-E348-4DC0-A010-279FE97661D7}.Debug|Any CPU.Build.0 = Debug|Any CPU
		{26293A3D-E348-4DC0-A010-279FE97661D7}.Release|Any CPU.ActiveCfg = Release|Any CPU
		{26293A3D-E348-4DC0-A010-279FE97661D7}.Release|Any CPU.Build.0 = Release|Any CPU
		{EBB39145-DF7B-4AE8-8E6B-576335BC47E3}.Debug|Any CPU.ActiveCfg = Debug|Any CPU
		{EBB39145-DF7B-4AE8-8E6B-576335BC47E3}.Debug|Any CPU.Build.0 = Debug|Any CPU
		{EBB39145-DF7B-4AE8-8E6B-576335BC47E3}.Release|Any CPU.ActiveCfg = Release|Any CPU
		{EBB39145-DF7B-4AE8-8E6B-576335BC47E3}.Release|Any CPU.Build.0 = Release|Any CPU
		{207DF41F-1DD5-49AF-99E8-936ADE396340}.Debug|Any CPU.ActiveCfg = Debug|Any CPU
		{207DF41F-1DD5-49AF-99E8-936ADE396340}.Debug|Any CPU.Build.0 = Debug|Any CPU
		{207DF41F-1DD5-49AF-99E8-936ADE396340}.Release|Any CPU.ActiveCfg = Release|Any CPU
		{207DF41F-1DD5-49AF-99E8-936ADE396340}.Release|Any CPU.Build.0 = Release|Any CPU
	EndGlobalSection
	GlobalSection(SolutionProperties) = preSolution
		HideSolutionNode = FALSE
	EndGlobalSection
EndGlobal
